
Microsoft Visual Studio Solution File, Format Version 12.00
# Visual Studio Version 17
VisualStudioVersion = 17.0.31808.319
MinimumVisualStudioVersion = 10.0.40219.1
Project("{8BC9CEB8-8B4A-11D0-8D11-00A0C91BC942}") = "ConsoleApplication3", "ConsoleApplication3.vcxproj", "{F1C351E7-14E0-4CBB-BB63-0BB2E977DC98}"
EndProject
Global
	GlobalSection(SolutionConfigurationPlatforms) = preSolution
		Debug|x64 = Debug|x64
		Debug|x86 = Debug|x86
		Release|x64 = Release|x64
		Release|x86 = Release|x86
	EndGlobalSection
	GlobalSection(ProjectConfigurationPlatforms) = postSolution
		{F1C351E7-14E0-4CBB-BB63-0BB2E977DC98}.Debug|x64.ActiveCfg = Debug|x64
		{F1C351E7-14E0-4CBB-BB63-0BB2E977DC98}.Debug|x64.Build.0 = Debug|x64
		{F1C351E7-14E0-4CBB-BB63-0BB2E977DC98}.Debug|x86.ActiveCfg = Debug|Win32
		{F1C351E7-14E0-4CBB-BB63-0BB2E977DC98}.Debug|x86.Build.0 = Debug|Win32
		{F1C351E7-14E0-4CBB-BB63-0BB2E977DC98}.Release|x64.ActiveCfg = Release|x64
		{F1C351E7-14E0-4CBB-BB63-0BB2E977DC98}.Release|x64.Build.0 = Release|x64
		{F1C351E7-14E0-4CBB-BB63-0BB2E977DC98}.Release|x86.ActiveCfg = Release|Win32
		{F1C351E7-14E0-4CBB-BB63-0BB2E977DC98}.Release|x86.Build.0 = Release|Win32
	EndGlobalSection
	GlobalSection(SolutionProperties) = preSolution
		HideSolutionNode = FALSE
	EndGlobalSection
	GlobalSection(ExtensibilityGlobals) = postSolution
		SolutionGuid = {85C8280F-08C6-4F1B-8938-081C59268B39}
	EndGlobalSection
EndGlobal
